
Microsoft Visual Studio Solution File, Format Version 12.00
# Visual Studio 2012
Project("{FAE04EC0-301F-11D3-BF4B-00C04F79EFBC}") = "Huber.ClearNPCCache", "Huber.ClearNPCCache\Huber.ClearNPCCache.csproj", "{6C2FC491-C022-49A3-917F-F303E377754C}"
EndProject
Global
	GlobalSection(TeamFoundationVersionControl) = preSolution
		SccNumberOfProjects = 2
		SccEnterpriseProvider = {4CA58AB2-18FA-4F8D-95D4-32DDF27D184C}
		SccTeamFoundationServer = https://huber614.visualstudio.com/defaultcollection
		SccLocalPath0 = .
		SccProjectUniqueName1 = Huber.ClearNPCCache\\Huber.ClearNPCCache.csproj
		SccProjectName1 = Huber.ClearNPCCache
		SccLocalPath1 = Huber.ClearNPCCache
	EndGlobalSection
	GlobalSection(SolutionConfigurationPlatforms) = preSolution
		Debug|Any CPU = Debug|Any CPU
		Release|Any CPU = Release|Any CPU
	EndGlobalSection
	GlobalSection(ProjectConfigurationPlatforms) = postSolution
		{6C2FC491-C022-49A3-917F-F303E377754C}.Debug|Any CPU.ActiveCfg = Debug|Any CPU
		{6C2FC491-C022-49A3-917F-F303E377754C}.Debug|Any CPU.Build.0 = Debug|Any CPU
		{6C2FC491-C022-49A3-917F-F303E377754C}.Release|Any CPU.ActiveCfg = Release|Any CPU
		{6C2FC491-C022-49A3-917F-F303E377754C}.Release|Any CPU.Build.0 = Release|Any CPU
	EndGlobalSection
	GlobalSection(SolutionProperties) = preSolution
		HideSolutionNode = FALSE
	EndGlobalSection
EndGlobal
